
Microsoft Visual Studio Solution File, Format Version 12.00
# Visual Studio Version 17
VisualStudioVersion = 17.8.34525.116
MinimumVisualStudioVersion = 10.0.40219.1
Project("{FAE04EC0-301F-11D3-BF4B-00C04F79EFBC}") = "BreakBooksV2.API", "BreakBooksV2.API\BreakBooksV2.API.csproj", "{D7CCEAE2-D754-40B0-A0E6-2F8301468022}"
EndProject
Global
	GlobalSection(SolutionConfigurationPlatforms) = preSolution
		Debug|Any CPU = Debug|Any CPU
		Release|Any CPU = Release|Any CPU
	EndGlobalSection
	GlobalSection(ProjectConfigurationPlatforms) = postSolution
		{D7CCEAE2-D754-40B0-A0E6-2F8301468022}.Debug|Any CPU.ActiveCfg = Debug|Any CPU
		{D7CCEAE2-D754-40B0-A0E6-2F8301468022}.Debug|Any CPU.Build.0 = Debug|Any CPU
		{D7CCEAE2-D754-40B0-A0E6-2F8301468022}.Release|Any CPU.ActiveCfg = Release|Any CPU
		{D7CCEAE2-D754-40B0-A0E6-2F8301468022}.Release|Any CPU.Build.0 = Release|Any CPU
	EndGlobalSection
	GlobalSection(SolutionProperties) = preSolution
		HideSolutionNode = FALSE
	EndGlobalSection
	GlobalSection(ExtensibilityGlobals) = postSolution
		SolutionGuid = {A4811126-CAEB-4ED7-9053-3053570CF925}
	EndGlobalSection
EndGlobal
